// !$*UTF8*$!
{
	archiveVersion = 1;
	classes = {
	};
	objectVersion = 50;
	objects = {

/* Begin PBXBuildFile section */
		76C28D002570037600A763FD /* TestPodLib.framework in Frameworks */ = {isa = PBXBuildFile; fileRef = 76C28CF62570037600A763FD /* TestPodLib.framework */; };
		76C28D052570037600A763FD /* TestPodLibTests.swift in Sources */ = {isa = PBXBuildFile; fileRef = 76C28D042570037600A763FD /* TestPodLibTests.swift */; };
		76C28D072570037600A763FD /* TestPodLib.h in Headers */ = {isa = PBXBuildFile; fileRef = 76C28CF92570037600A763FD /* TestPodLib.h */; settings = {ATTRIBUTES = (Public, ); }; };
		76C28D1925700B2700A763FD /* AppDelegate.swift in Sources */ = {isa = PBXBuildFile; fileRef = 76C28D1825700B2700A763FD /* AppDelegate.swift */; };
		76C28D1B25700B2700A763FD /* SceneDelegate.swift in Sources */ = {isa = PBXBuildFile; fileRef = 76C28D1A25700B2700A763FD /* SceneDelegate.swift */; };
		76C28D1D25700B2700A763FD /* ContentView.swift in Sources */ = {isa = PBXBuildFile; fileRef = 76C28D1C25700B2700A763FD /* ContentView.swift */; };
		76C28D1F25700B2900A763FD /* Assets.xcassets in Resources */ = {isa = PBXBuildFile; fileRef = 76C28D1E25700B2900A763FD /* Assets.xcassets */; };
		76C28D2225700B2900A763FD /* Preview Assets.xcassets in Resources */ = {isa = PBXBuildFile; fileRef = 76C28D2125700B2900A763FD /* Preview Assets.xcassets */; };
		76C28D2525700B2900A763FD /* LaunchScreen.storyboard in Resources */ = {isa = PBXBuildFile; fileRef = 76C28D2325700B2900A763FD /* LaunchScreen.storyboard */; };
/* End PBXBuildFile section */

/* Begin PBXContainerItemProxy section */
		76C28D012570037600A763FD /* PBXContainerItemProxy */ = {
			isa = PBXContainerItemProxy;
			containerPortal = 76C28CED2570037600A763FD /* Project object */;
			proxyType = 1;
			remoteGlobalIDString = 76C28CF52570037600A763FD;
			remoteInfo = TestPodLib;
		};
/* End PBXContainerItemProxy section */

/* Begin PBXFileReference section */
		76C28CF62570037600A763FD /* TestPodLib.framework */ = {isa = PBXFileReference; explicitFileType = wrapper.framework; includeInIndex = 0; path = TestPodLib.framework; sourceTree = BUILT_PRODUCTS_DIR; };
		76C28CF92570037600A763FD /* TestPodLib.h */ = {isa = PBXFileReference; lastKnownFileType = sourcecode.c.h; path = TestPodLib.h; sourceTree = "<group>"; };
		76C28CFA2570037600A763FD /* Info.plist */ = {isa = PBXFileReference; lastKnownFileType = text.plist.xml; path = Info.plist; sourceTree = "<group>"; };
		76C28CFF2570037600A763FD /* TestPodLibTests.xctest */ = {isa = PBXFileReference; explicitFileType = wrapper.cfbundle; includeInIndex = 0; path = TestPodLibTests.xctest; sourceTree = BUILT_PRODUCTS_DIR; };
		76C28D042570037600A763FD /* TestPodLibTests.swift */ = {isa = PBXFileReference; lastKnownFileType = sourcecode.swift; path = TestPodLibTests.swift; sourceTree = "<group>"; };
		76C28D062570037600A763FD /* Info.plist */ = {isa = PBXFileReference; lastKnownFileType = text.plist.xml; path = Info.plist; sourceTree = "<group>"; };
		76C28D1625700B2700A763FD /* TestPodLibExamples.app */ = {isa = PBXFileReference; explicitFileType = wrapper.application; includeInIndex = 0; path = TestPodLibExamples.app; sourceTree = BUILT_PRODUCTS_DIR; };
		76C28D1825700B2700A763FD /* AppDelegate.swift */ = {isa = PBXFileReference; lastKnownFileType = sourcecode.swift; path = AppDelegate.swift; sourceTree = "<group>"; };
		76C28D1A25700B2700A763FD /* SceneDelegate.swift */ = {isa = PBXFileReference; lastKnownFileType = sourcecode.swift; path = SceneDelegate.swift; sourceTree = "<group>"; };
		76C28D1C25700B2700A763FD /* ContentView.swift */ = {isa = PBXFileReference; lastKnownFileType = sourcecode.swift; path = ContentView.swift; sourceTree = "<group>"; };
		76C28D1E25700B2900A763FD /* Assets.xcassets */ = {isa = PBXFileReference; lastKnownFileType = folder.assetcatalog; path = Assets.xcassets; sourceTree = "<group>"; };
		76C28D2125700B2900A763FD /* Preview Assets.xcassets */ = {isa = PBXFileReference; lastKnownFileType = folder.assetcatalog; path = "Preview Assets.xcassets"; sourceTree = "<group>"; };
		76C28D2425700B2900A763FD /* Base */ = {isa = PBXFileReference; lastKnownFileType = file.storyboard; name = Base; path = Base.lproj/LaunchScreen.storyboard; sourceTree = "<group>"; };
		76C28D2625700B2900A763FD /* Info.plist */ = {isa = PBXFileReference; lastKnownFileType = text.plist.xml; path = Info.plist; sourceTree = "<group>"; };
/* End PBXFileReference section */

/* Begin PBXFrameworksBuildPhase section */
		76C28CF32570037600A763FD /* Frameworks */ = {
			isa = PBXFrameworksBuildPhase;
			buildActionMask = 2147483647;
			files = (
			);
			runOnlyForDeploymentPostprocessing = 0;
		};
		76C28CFC2570037600A763FD /* Frameworks */ = {
			isa = PBXFrameworksBuildPhase;
			buildActionMask = 2147483647;
			files = (
				76C28D002570037600A763FD /* TestPodLib.framework in Frameworks */,
			);
			runOnlyForDeploymentPostprocessing = 0;
		};
		76C28D1325700B2700A763FD /* Frameworks */ = {
			isa = PBXFrameworksBuildPhase;
			buildActionMask = 2147483647;
			files = (
			);
			runOnlyForDeploymentPostprocessing = 0;
		};
/* End PBXFrameworksBuildPhase section */

/* Begin PBXGroup section */
		76C28CEC2570037600A763FD = {
			isa = PBXGroup;
			children = (
				76C28CF82570037600A763FD /* TestPodLib */,
				76C28D032570037600A763FD /* TestPodLibTests */,
				76C28D1725700B2700A763FD /* TestPodLibExamples */,
				76C28CF72570037600A763FD /* Products */,
			);
			sourceTree = "<group>";
		};
		76C28CF72570037600A763FD /* Products */ = {
			isa = PBXGroup;
			children = (
				76C28CF62570037600A763FD /* TestPodLib.framework */,
				76C28CFF2570037600A763FD /* TestPodLibTests.xctest */,
				76C28D1625700B2700A763FD /* TestPodLibExamples.app */,
			);
			name = Products;
			sourceTree = "<group>";
		};
		76C28CF82570037600A763FD /* TestPodLib */ = {
			isa = PBXGroup;
			children = (
				76C28CF92570037600A763FD /* TestPodLib.h */,
				76C28CFA2570037600A763FD /* Info.plist */,
			);
			path = TestPodLib;
			sourceTree = "<group>";
		};
		76C28D032570037600A763FD /* TestPodLibTests */ = {
			isa = PBXGroup;
			children = (
				76C28D042570037600A763FD /* TestPodLibTests.swift */,
				76C28D062570037600A763FD /* Info.plist */,
			);
			path = TestPodLibTests;
			sourceTree = "<group>";
		};
		76C28D1725700B2700A763FD /* TestPodLibExamples */ = {
			isa = PBXGroup;
			children = (
				76C28D1825700B2700A763FD /* AppDelegate.swift */,
				76C28D1A25700B2700A763FD /* SceneDelegate.swift */,
				76C28D1C25700B2700A763FD /* ContentView.swift */,
				76C28D1E25700B2900A763FD /* Assets.xcassets */,
				76C28D2325700B2900A763FD /* LaunchScreen.storyboard */,
				76C28D2625700B2900A763FD /* Info.plist */,
				76C28D2025700B2900A763FD /* Preview Content */,
			);
			path = TestPodLibExamples;
			sourceTree = "<group>";
		};
		76C28D2025700B2900A763FD /* Preview Content */ = {
			isa = PBXGroup;
			children = (
				76C28D2125700B2900A763FD /* Preview Assets.xcassets */,
			);
			path = "Preview Content";
			sourceTree = "<group>";
		};
/* End PBXGroup section */

/* Begin PBXHeadersBuildPhase section */
		76C28CF12570037600A763FD /* Headers */ = {
			isa = PBXHeadersBuildPhase;
			buildActionMask = 2147483647;
			files = (
				76C28D072570037600A763FD /* TestPodLib.h in Headers */,
			);
			runOnlyForDeploymentPostprocessing = 0;
		};
/* End PBXHeadersBuildPhase section */

/* Begin PBXNativeTarget section */
		76C28CF52570037600A763FD /* TestPodLib */ = {
			isa = PBXNativeTarget;
			buildConfigurationList = 76C28D0A2570037600A763FD /* Build configuration list for PBXNativeTarget "TestPodLib" */;
			buildPhases = (
				76C28CF12570037600A763FD /* Headers */,
				76C28CF22570037600A763FD /* Sources */,
				76C28CF32570037600A763FD /* Frameworks */,
				76C28CF42570037600A763FD /* Resources */,
			);
			buildRules = (
			);
			dependencies = (
			);
			name = TestPodLib;
			productName = TestPodLib;
			productReference = 76C28CF62570037600A763FD /* TestPodLib.framework */;
			productType = "com.apple.product-type.framework";
		};
		76C28CFE2570037600A763FD /* TestPodLibTests */ = {
			isa = PBXNativeTarget;
			buildConfigurationList = 76C28D0D2570037600A763FD /* Build configuration list for PBXNativeTarget "TestPodLibTests" */;
			buildPhases = (
				76C28CFB2570037600A763FD /* Sources */,
				76C28CFC2570037600A763FD /* Frameworks */,
				76C28CFD2570037600A763FD /* Resources */,
			);
			buildRules = (
			);
			dependencies = (
				76C28D022570037600A763FD /* PBXTargetDependency */,
			);
			name = TestPodLibTests;
			productName = TestPodLibTests;
			productReference = 76C28CFF2570037600A763FD /* TestPodLibTests.xctest */;
			productType = "com.apple.product-type.bundle.unit-test";
		};
		76C28D1525700B2700A763FD /* TestPodLibExamples */ = {
			isa = PBXNativeTarget;
			buildConfigurationList = 76C28D2725700B2900A763FD /* Build configuration list for PBXNativeTarget "TestPodLibExamples" */;
			buildPhases = (
				76C28D1225700B2700A763FD /* Sources */,
				76C28D1325700B2700A763FD /* Frameworks */,
				76C28D1425700B2700A763FD /* Resources */,
			);
			buildRules = (
			);
			dependencies = (
			);
			name = TestPodLibExamples;
			productName = TestPodLibExamples;
			productReference = 76C28D1625700B2700A763FD /* TestPodLibExamples.app */;
			productType = "com.apple.product-type.application";
		};
/* End PBXNativeTarget section */

/* Begin PBXProject section */
		76C28CED2570037600A763FD /* Project object */ = {
			isa = PBXProject;
			attributes = {
				LastSwiftUpdateCheck = 1200;
				LastUpgradeCheck = 1200;
				TargetAttributes = {
					76C28CF52570037600A763FD = {
						CreatedOnToolsVersion = 12.0.1;
					};
					76C28CFE2570037600A763FD = {
						CreatedOnToolsVersion = 12.0.1;
					};
					76C28D1525700B2700A763FD = {
						CreatedOnToolsVersion = 12.0.1;
					};
				};
			};
			buildConfigurationList = 76C28CF02570037600A763FD /* Build configuration list for PBXProject "TestPodLib" */;
			compatibilityVersion = "Xcode 9.3";
			developmentRegion = en;
			hasScannedForEncodings = 0;
			knownRegions = (
				en,
				Base,
			);
			mainGroup = 76C28CEC2570037600A763FD;
			productRefGroup = 76C28CF72570037600A763FD /* Products */;
			projectDirPath = "";
			projectRoot = "";
			targets = (
				76C28CF52570037600A763FD /* TestPodLib */,
				76C28CFE2570037600A763FD /* TestPodLibTests */,
				76C28D1525700B2700A763FD /* TestPodLibExamples */,
			);
		};
/* End PBXProject section */

/* Begin PBXResourcesBuildPhase section */
		76C28CF42570037600A763FD /* Resources */ = {
			isa = PBXResourcesBuildPhase;
			buildActionMask = 2147483647;
			files = (
			);
			runOnlyForDeploymentPostprocessing = 0;
		};
		76C28CFD2570037600A763FD /* Resources */ = {
			isa = PBXResourcesBuildPhase;
			buildActionMask = 2147483647;
			files = (
			);
			runOnlyForDeploymentPostprocessing = 0;
		};
		76C28D1425700B2700A763FD /* Resources */ = {
			isa = PBXResourcesBuildPhase;
			buildActionMask = 2147483647;
			files = (
				76C28D2525700B2900A763FD /* LaunchScreen.storyboard in Resources */,
				76C28D2225700B2900A763FD /* Preview Assets.xcassets in Resources */,
				76C28D1F25700B2900A763FD /* Assets.xcassets in Resources */,
			);
			runOnlyForDeploymentPostprocessing = 0;
		};
/* End PBXResourcesBuildPhase section */

/* Begin PBXSourcesBuildPhase section */
		76C28CF22570037600A763FD /* Sources */ = {
			isa = PBXSourcesBuildPhase;
			buildActionMask = 2147483647;
			files = (
			);
			runOnlyForDeploymentPostprocessing = 0;
		};
		76C28CFB2570037600A763FD /* Sources */ = {
			isa = PBXSourcesBuildPhase;
			buildActionMask = 2147483647;
			files = (
				76C28D052570037600A763FD /* TestPodLibTests.swift in Sources */,
			);
			runOnlyForDeploymentPostprocessing = 0;
		};
		76C28D1225700B2700A763FD /* Sources */ = {
			isa = PBXSourcesBuildPhase;
			buildActionMask = 2147483647;
			files = (
				76C28D1925700B2700A763FD /* AppDelegate.swift in Sources */,
				76C28D1B25700B2700A763FD /* SceneDelegate.swift in Sources */,
				76C28D1D25700B2700A763FD /* ContentView.swift in Sources */,
			);
			runOnlyForDeploymentPostprocessing = 0;
		};
/* End PBXSourcesBuildPhase section */

/* Begin PBXTargetDependency section */
		76C28D022570037600A763FD /* PBXTargetDependency */ = {
			isa = PBXTargetDependency;
			target = 76C28CF52570037600A763FD /* TestPodLib */;
			targetProxy = 76C28D012570037600A763FD /* PBXContainerItemProxy */;
		};
/* End PBXTargetDependency section */

/* Begin PBXVariantGroup section */
		76C28D2325700B2900A763FD /* LaunchScreen.storyboard */ = {
			isa = PBXVariantGroup;
			children = (
				76C28D2425700B2900A763FD /* Base */,
			);
			name = LaunchScreen.storyboard;
			sourceTree = "<group>";
		};
/* End PBXVariantGroup section */

/* Begin XCBuildConfiguration section */
		76C28D082570037600A763FD /* Debug */ = {
			isa = XCBuildConfiguration;
			buildSettings = {
				ALWAYS_SEARCH_USER_PATHS = NO;
				CLANG_ANALYZER_NONNULL = YES;
				CLANG_ANALYZER_NUMBER_OBJECT_CONVERSION = YES_AGGRESSIVE;
				CLANG_CXX_LANGUAGE_STANDARD = "gnu++14";
				CLANG_CXX_LIBRARY = "libc++";
				CLANG_ENABLE_MODULES = YES;
				CLANG_ENABLE_OBJC_ARC = YES;
				CLANG_ENABLE_OBJC_WEAK = YES;
				CLANG_WARN_BLOCK_CAPTURE_AUTORELEASING = YES;
				CLANG_WARN_BOOL_CONVERSION = YES;
				CLANG_WARN_COMMA = YES;
				CLANG_WARN_CONSTANT_CONVERSION = YES;
				CLANG_WARN_DEPRECATED_OBJC_IMPLEMENTATIONS = YES;
				CLANG_WARN_DIRECT_OBJC_ISA_USAGE = YES_ERROR;
				CLANG_WARN_DOCUMENTATION_COMMENTS = YES;
				CLANG_WARN_EMPTY_BODY = YES;
				CLANG_WARN_ENUM_CONVERSION = YES;
				CLANG_WARN_INFINITE_RECURSION = YES;
				CLANG_WARN_INT_CONVERSION = YES;
				CLANG_WARN_NON_LITERAL_NULL_CONVERSION = YES;
				CLANG_WARN_OBJC_IMPLICIT_RETAIN_SELF = YES;
				CLANG_WARN_OBJC_LITERAL_CONVERSION = YES;
				CLANG_WARN_OBJC_ROOT_CLASS = YES_ERROR;
				CLANG_WARN_QUOTED_INCLUDE_IN_FRAMEWORK_HEADER = YES;
				CLANG_WARN_RANGE_LOOP_ANALYSIS = YES;
				CLANG_WARN_STRICT_PROTOTYPES = YES;
				CLANG_WARN_SUSPICIOUS_MOVE = YES;
				CLANG_WARN_UNGUARDED_AVAILABILITY = YES_AGGRESSIVE;
				CLANG_WARN_UNREACHABLE_CODE = YES;
				CLANG_WARN__DUPLICATE_METHOD_MATCH = YES;
				COPY_PHASE_STRIP = NO;
				CURRENT_PROJECT_VERSION = 1;
				DEBUG_INFORMATION_FORMAT = dwarf;
				ENABLE_STRICT_OBJC_MSGSEND = YES;
				ENABLE_TESTABILITY = YES;
				GCC_C_LANGUAGE_STANDARD = gnu11;
				GCC_DYNAMIC_NO_PIC = NO;
				GCC_NO_COMMON_BLOCKS = YES;
				GCC_OPTIMIZATION_LEVEL = 0;
				GCC_PREPROCESSOR_DEFINITIONS = (
					"DEBUG=1",
					"$(inherited)",
				);
				GCC_WARN_64_TO_32_BIT_CONVERSION = YES;
				GCC_WARN_ABOUT_RETURN_TYPE = YES_ERROR;
				GCC_WARN_UNDECLARED_SELECTOR = YES;
				GCC_WARN_UNINITIALIZED_AUTOS = YES_AGGRESSIVE;
				GCC_WARN_UNUSED_FUNCTION = YES;
				GCC_WARN_UNUSED_VARIABLE = YES;
				IPHONEOS_DEPLOYMENT_TARGET = 14.0;
				MTL_ENABLE_DEBUG_INFO = INCLUDE_SOURCE;
				MTL_FAST_MATH = YES;
				ONLY_ACTIVE_ARCH = YES;
				SDKROOT = iphoneos;
				SWIFT_ACTIVE_COMPILATION_CONDITIONS = DEBUG;
				SWIFT_OPTIMIZATION_LEVEL = "-Onone";
				VERSIONING_SYSTEM = "apple-generic";
				VERSION_INFO_PREFIX = "";
			};
			name = Debug;
		};
		76C28D092570037600A763FD /* Release */ = {
			isa = XCBuildConfiguration;
			buildSettings = {
				ALWAYS_SEARCH_USER_PATHS = NO;
				CLANG_ANALYZER_NONNULL = YES;
				CLANG_ANALYZER_NUMBER_OBJECT_CONVERSION = YES_AGGRESSIVE;
				CLANG_CXX_LANGUAGE_STANDARD = "gnu++14";
				CLANG_CXX_LIBRARY = "libc++";
				CLANG_ENABLE_MODULES = YES;
				CLANG_ENABLE_OBJC_ARC = YES;
				CLANG_ENABLE_OBJC_WEAK = YES;
				CLANG_WARN_BLOCK_CAPTURE_AUTORELEASING = YES;
				CLANG_WARN_BOOL_CONVERSION = YES;
				CLANG_WARN_COMMA = YES;
				CLANG_WARN_CONSTANT_CONVERSION = YES;
				CLANG_WARN_DEPRECATED_OBJC_IMPLEMENTATIONS = YES;
				CLANG_WARN_DIRECT_OBJC_ISA_USAGE = YES_ERROR;
				CLANG_WARN_DOCUMENTATION_COMMENTS = YES;
				CLANG_WARN_EMPTY_BODY = YES;
				CLANG_WARN_ENUM_CONVERSION = YES;
				CLANG_WARN_INFINITE_RECURSION = YES;
				CLANG_WARN_INT_CONVERSION = YES;
				CLANG_WARN_NON_LITERAL_NULL_CONVERSION = YES;
				CLANG_WARN_OBJC_IMPLICIT_RETAIN_SELF = YES;
				CLANG_WARN_OBJC_LITERAL_CONVERSION = YES;
				CLANG_WARN_OBJC_ROOT_CLASS = YES_ERROR;
				CLANG_WARN_QUOTED_INCLUDE_IN_FRAMEWORK_HEADER = YES;
				CLANG_WARN_RANGE_LOOP_ANALYSIS = YES;
				CLANG_WARN_STRICT_PROTOTYPES = YES;
				CLANG_WARN_SUSPICIOUS_MOVE = YES;
				CLANG_WARN_UNGUARDED_AVAILABILITY = YES_AGGRESSIVE;
				CLANG_WARN_UNREACHABLE_CODE = YES;
				CLANG_WARN__DUPLICATE_METHOD_MATCH = YES;
				COPY_PHASE_STRIP = NO;
				CURRENT_PROJECT_VERSION = 1;
				DEBUG_INFORMATION_FORMAT = "dwarf-with-dsym";
				ENABLE_NS_ASSERTIONS = NO;
				ENABLE_STRICT_OBJC_MSGSEND = YES;
				GCC_C_LANGUAGE_STANDARD = gnu11;
				GCC_NO_COMMON_BLOCKS = YES;
				GCC_WARN_64_TO_32_BIT_CONVERSION = YES;
				GCC_WARN_ABOUT_RETURN_TYPE = YES_ERROR;
				GCC_WARN_UNDECLARED_SELECTOR = YES;
				GCC_WARN_UNINITIALIZED_AUTOS = YES_AGGRESSIVE;
				GCC_WARN_UNUSED_FUNCTION = YES;
				GCC_WARN_UNUSED_VARIABLE = YES;
				IPHONEOS_DEPLOYMENT_TARGET = 14.0;
				MTL_ENABLE_DEBUG_INFO = NO;
				MTL_FAST_MATH = YES;
				SDKROOT = iphoneos;
				SWIFT_COMPILATION_MODE = wholemodule;
				SWIFT_OPTIMIZATION_LEVEL = "-O";
				VALIDATE_PRODUCT = YES;
				VERSIONING_SYSTEM = "apple-generic";
				VERSION_INFO_PREFIX = "";
			};
			name = Release;
		};
		76C28D0B2570037600A763FD /* Debug */ = {
			isa = XCBuildConfiguration;
			buildSettings = {
				CODE_SIGN_STYLE = Automatic;
				DEFINES_MODULE = YES;
				DYLIB_COMPATIBILITY_VERSION = 1;
				DYLIB_CURRENT_VERSION = 1;
				DYLIB_INSTALL_NAME_BASE = "@rpath";
				INFOPLIST_FILE = TestPodLib/Info.plist;
				INSTALL_PATH = "$(LOCAL_LIBRARY_DIR)/Frameworks";
				LD_RUNPATH_SEARCH_PATHS = (
					"$(inherited)",
					"@executable_path/Frameworks",
					"@loader_path/Frameworks",
				);
				PRODUCT_BUNDLE_IDENTIFIER = com.teksystems.TestPodLib;
				PRODUCT_NAME = "$(TARGET_NAME:c99extidentifier)";
				SKIP_INSTALL = YES;
				SWIFT_VERSION = 5.0;
				TARGETED_DEVICE_FAMILY = "1,2";
			};
			name = Debug;
		};
		76C28D0C2570037600A763FD /* Release */ = {
			isa = XCBuildConfiguration;
			buildSettings = {
				CODE_SIGN_STYLE = Automatic;
				DEFINES_MODULE = YES;
				DYLIB_COMPATIBILITY_VERSION = 1;
				DYLIB_CURRENT_VERSION = 1;
				DYLIB_INSTALL_NAME_BASE = "@rpath";
				INFOPLIST_FILE = TestPodLib/Info.plist;
				INSTALL_PATH = "$(LOCAL_LIBRARY_DIR)/Frameworks";
				LD_RUNPATH_SEARCH_PATHS = (
					"$(inherited)",
					"@executable_path/Frameworks",
					"@loader_path/Frameworks",
				);
				PRODUCT_BUNDLE_IDENTIFIER = com.teksystems.TestPodLib;
				PRODUCT_NAME = "$(TARGET_NAME:c99extidentifier)";
				SKIP_INSTALL = YES;
				SWIFT_VERSION = 5.0;
				TARGETED_DEVICE_FAMILY = "1,2";
			};
			name = Release;
		};
		76C28D0E2570037600A763FD /* Debug */ = {
			isa = XCBuildConfiguration;
			buildSettings = {
				CODE_SIGN_STYLE = Automatic;
				INFOPLIST_FILE = TestPodLibTests/Info.plist;
				LD_RUNPATH_SEARCH_PATHS = (
					"$(inherited)",
					"@executable_path/Frameworks",
					"@loader_path/Frameworks",
				);
				PRODUCT_BUNDLE_IDENTIFIER = com.teksystems.TestPodLibTests;
				PRODUCT_NAME = "$(TARGET_NAME)";
				SWIFT_VERSION = 5.0;
				TARGETED_DEVICE_FAMILY = "1,2";
			};
			name = Debug;
		};
		76C28D0F2570037600A763FD /* Release */ = {
			isa = XCBuildConfiguration;
			buildSettings = {
				CODE_SIGN_STYLE = Automatic;
				INFOPLIST_FILE = TestPodLibTests/Info.plist;
				LD_RUNPATH_SEARCH_PATHS = (
					"$(inherited)",
					"@executable_path/Frameworks",
					"@loader_path/Frameworks",
				);
				PRODUCT_BUNDLE_IDENTIFIER = com.teksystems.TestPodLibTests;
				PRODUCT_NAME = "$(TARGET_NAME)";
				SWIFT_VERSION = 5.0;
				TARGETED_DEVICE_FAMILY = "1,2";
			};
			name = Release;
		};
		76C28D2825700B2900A763FD /* Debug */ = {
			isa = XCBuildConfiguration;
			buildSettings = {
				ASSETCATALOG_COMPILER_APPICON_NAME = AppIcon;
				ASSETCATALOG_COMPILER_GLOBAL_ACCENT_COLOR_NAME = AccentColor;
				CODE_SIGN_STYLE = Automatic;
				DEVELOPMENT_ASSET_PATHS = "\"TestPodLibExamples/Preview Content\"";
				ENABLE_PREVIEWS = YES;
				INFOPLIST_FILE = TestPodLibExamples/Info.plist;
				LD_RUNPATH_SEARCH_PATHS = (
					"$(inherited)",
					"@executable_path/Frameworks",
				);
				PRODUCT_BUNDLE_IDENTIFIER = com.teksystems.TestPodLibExamples;
				PRODUCT_NAME = "$(TARGET_NAME)";
				SWIFT_VERSION = 5.0;
				TARGETED_DEVICE_FAMILY = "1,2";
			};
			name = Debug;
		};
		76C28D2925700B2900A763FD /* Release */ = {
			isa = XCBuildConfiguration;
			buildSettings = {
				ASSETCATALOG_COMPILER_APPICON_NAME = AppIcon;
				ASSETCATALOG_COMPILER_GLOBAL_ACCENT_COLOR_NAME = AccentColor;
				CODE_SIGN_STYLE = Automatic;
				DEVELOPMENT_ASSET_PATHS = "\"TestPodLibExamples/Preview Content\"";
				ENABLE_PREVIEWS = YES;
				INFOPLIST_FILE = TestPodLibExamples/Info.plist;
				LD_RUNPATH_SEARCH_PATHS = (
					"$(inherited)",
					"@executable_path/Frameworks",
				);
				PRODUCT_BUNDLE_IDENTIFIER = com.teksystems.TestPodLibExamples;
				PRODUCT_NAME = "$(TARGET_NAME)";
				SWIFT_VERSION = 5.0;
				TARGETED_DEVICE_FAMILY = "1,2";
			};
			name = Release;
		};
/* End XCBuildConfiguration section */

/* Begin XCConfigurationList section */
		76C28CF02570037600A763FD /* Build configuration list for PBXProject "TestPodLib" */ = {
			isa = XCConfigurationList;
			buildConfigurations = (
				76C28D082570037600A763FD /* Debug */,
				76C28D092570037600A763FD /* Release */,
			);
			defaultConfigurationIsVisible = 0;
			defaultConfigurationName = Release;
		};
		76C28D0A2570037600A763FD /* Build configuration list for PBXNativeTarget "TestPodLib" */ = {
			isa = XCConfigurationList;
			buildConfigurations = (
				76C28D0B2570037600A763FD /* Debug */,
				76C28D0C2570037600A763FD /* Release */,
			);
			defaultConfigurationIsVisible = 0;
			defaultConfigurationName = Release;
		};
		76C28D0D2570037600A763FD /* Build configuration list for PBXNativeTarget "TestPodLibTests" */ = {
			isa = XCConfigurationList;
			buildConfigurations = (
				76C28D0E2570037600A763FD /* Debug */,
				76C28D0F2570037600A763FD /* Release */,
			);
			defaultConfigurationIsVisible = 0;
			defaultConfigurationName = Release;
		};
		76C28D2725700B2900A763FD /* Build configuration list for PBXNativeTarget "TestPodLibExamples" */ = {
			isa = XCConfigurationList;
			buildConfigurations = (
				76C28D2825700B2900A763FD /* Debug */,
				76C28D2925700B2900A763FD /* Release */,
			);
			defaultConfigurationIsVisible = 0;
			defaultConfigurationName = Release;
		};
/* End XCConfigurationList section */
	};
	rootObject = 76C28CED2570037600A763FD /* Project object */;
}
